
Microsoft Visual Studio Solution File, Format Version 12.00
# Visual Studio 15
VisualStudioVersion = 15.0.26403.7
MinimumVisualStudioVersion = 10.0.40219.1
Project("{FAE04EC0-301F-11D3-BF4B-00C04F79EFBC}") = "DesktopBaidu", "DesktopBaidu\DesktopBaidu.csproj", "{BBB8D22C-A340-45D9-BA34-C1A3726D8982}"
EndProject
Project("{FAE04EC0-301F-11D3-BF4B-00C04F79EFBC}") = "轨迹数据预处理", "轨迹数据预处理\轨迹数据预处理.csproj", "{4C64EEB1-6666-448C-9D06-3343E4A12C87}"
EndProject
Project("{FAE04EC0-301F-11D3-BF4B-00C04F79EFBC}") = "GPSCore", "GPSCore\GPSCore.csproj", "{A6FCDFAC-333F-4A7B-A2C3-3F65AC367716}"
EndProject
Project("{FAE04EC0-301F-11D3-BF4B-00C04F79EFBC}") = "GPSAlogrithm", "GPSAlogrithm\GPSAlogrithm.csproj", "{0355B456-010A-4755-80C8-95E8FB4DCA39}"
EndProject
Project("{FAE04EC0-301F-11D3-BF4B-00C04F79EFBC}") = "GPSIO", "GPSIO\GPSIO.csproj", "{5275F0DE-EBE7-45F2-8FE3-A9F80E08A2B0}"
EndProject
Project("{2150E333-8FDC-42A3-9474-1A3956D46DE8}") = "Solution Items", "Solution Items", "{87E5F633-874B-4924-9785-B3008E70DD49}"
	ProjectSection(SolutionItems) = preProject
		毕业论文程序设计思维导图.xmind = 毕业论文程序设计思维导图.xmind
		项目说明.txt = 项目说明.txt
	EndProjectSection
EndProject
Project("{FAE04EC0-301F-11D3-BF4B-00C04F79EFBC}") = "MapBox", "MapBox\MapBox.csproj", "{3E797B99-E287-479E-A642-B2532FDD48B8}"
EndProject
Project("{FAE04EC0-301F-11D3-BF4B-00C04F79EFBC}") = "百度数据抓取", "百度数据抓取\百度数据抓取.csproj", "{3BE7A2D5-05F2-4750-B41A-7261973D63D7}"
EndProject
Project("{FAE04EC0-301F-11D3-BF4B-00C04F79EFBC}") = "PBSLocationProblemSolver", "PBSLocationProblemSolver\PBSLocationProblemSolver.csproj", "{A72B1F1C-4D0D-479C-95E4-BE6060D858EF}"
EndProject
Global
	GlobalSection(SolutionConfigurationPlatforms) = preSolution
		Debug|Any CPU = Debug|Any CPU
		Release|Any CPU = Release|Any CPU
	EndGlobalSection
	GlobalSection(ProjectConfigurationPlatforms) = postSolution
		{BBB8D22C-A340-45D9-BA34-C1A3726D8982}.Debug|Any CPU.ActiveCfg = Debug|Any CPU
		{BBB8D22C-A340-45D9-BA34-C1A3726D8982}.Debug|Any CPU.Build.0 = Debug|Any CPU
		{BBB8D22C-A340-45D9-BA34-C1A3726D8982}.Release|Any CPU.ActiveCfg = Release|Any CPU
		{BBB8D22C-A340-45D9-BA34-C1A3726D8982}.Release|Any CPU.Build.0 = Release|Any CPU
		{4C64EEB1-6666-448C-9D06-3343E4A12C87}.Debug|Any CPU.ActiveCfg = Debug|Any CPU
		{4C64EEB1-6666-448C-9D06-3343E4A12C87}.Debug|Any CPU.Build.0 = Debug|Any CPU
		{4C64EEB1-6666-448C-9D06-3343E4A12C87}.Release|Any CPU.ActiveCfg = Release|Any CPU
		{4C64EEB1-6666-448C-9D06-3343E4A12C87}.Release|Any CPU.Build.0 = Release|Any CPU
		{A6FCDFAC-333F-4A7B-A2C3-3F65AC367716}.Debug|Any CPU.ActiveCfg = Debug|Any CPU
		{A6FCDFAC-333F-4A7B-A2C3-3F65AC367716}.Debug|Any CPU.Build.0 = Debug|Any CPU
		{A6FCDFAC-333F-4A7B-A2C3-3F65AC367716}.Release|Any CPU.ActiveCfg = Release|Any CPU
		{A6FCDFAC-333F-4A7B-A2C3-3F65AC367716}.Release|Any CPU.Build.0 = Release|Any CPU
		{0355B456-010A-4755-80C8-95E8FB4DCA39}.Debug|Any CPU.ActiveCfg = Debug|Any CPU
		{0355B456-010A-4755-80C8-95E8FB4DCA39}.Debug|Any CPU.Build.0 = Debug|Any CPU
		{0355B456-010A-4755-80C8-95E8FB4DCA39}.Release|Any CPU.ActiveCfg = Release|Any CPU
		{0355B456-010A-4755-80C8-95E8FB4DCA39}.Release|Any CPU.Build.0 = Release|Any CPU
		{5275F0DE-EBE7-45F2-8FE3-A9F80E08A2B0}.Debug|Any CPU.ActiveCfg = Debug|Any CPU
		{5275F0DE-EBE7-45F2-8FE3-A9F80E08A2B0}.Debug|Any CPU.Build.0 = Debug|Any CPU
		{5275F0DE-EBE7-45F2-8FE3-A9F80E08A2B0}.Release|Any CPU.ActiveCfg = Release|Any CPU
		{5275F0DE-EBE7-45F2-8FE3-A9F80E08A2B0}.Release|Any CPU.Build.0 = Release|Any CPU
		{3E797B99-E287-479E-A642-B2532FDD48B8}.Debug|Any CPU.ActiveCfg = Debug|Any CPU
		{3E797B99-E287-479E-A642-B2532FDD48B8}.Debug|Any CPU.Build.0 = Debug|Any CPU
		{3E797B99-E287-479E-A642-B2532FDD48B8}.Release|Any CPU.ActiveCfg = Release|Any CPU
		{3E797B99-E287-479E-A642-B2532FDD48B8}.Release|Any CPU.Build.0 = Release|Any CPU
		{3BE7A2D5-05F2-4750-B41A-7261973D63D7}.Debug|Any CPU.ActiveCfg = Debug|Any CPU
		{3BE7A2D5-05F2-4750-B41A-7261973D63D7}.Debug|Any CPU.Build.0 = Debug|Any CPU
		{3BE7A2D5-05F2-4750-B41A-7261973D63D7}.Release|Any CPU.ActiveCfg = Release|Any CPU
		{3BE7A2D5-05F2-4750-B41A-7261973D63D7}.Release|Any CPU.Build.0 = Release|Any CPU
		{A72B1F1C-4D0D-479C-95E4-BE6060D858EF}.Debug|Any CPU.ActiveCfg = Debug|Any CPU
		{A72B1F1C-4D0D-479C-95E4-BE6060D858EF}.Debug|Any CPU.Build.0 = Debug|Any CPU
		{A72B1F1C-4D0D-479C-95E4-BE6060D858EF}.Release|Any CPU.ActiveCfg = Release|Any CPU
		{A72B1F1C-4D0D-479C-95E4-BE6060D858EF}.Release|Any CPU.Build.0 = Release|Any CPU
	EndGlobalSection
	GlobalSection(SolutionProperties) = preSolution
		HideSolutionNode = FALSE
	EndGlobalSection
EndGlobal
